// !$*UTF8*$!
{
	archiveVersion = 1;
	classes = {
	};
	objectVersion = 77;
	objects = {

/* Begin PBXContainerItemProxy section */
		56F17E3D2D70A6E2001A8CAB /* PBXContainerItemProxy */ = {
			isa = PBXContainerItemProxy;
			containerPortal = 56F17E1F2D70A6E1001A8CAB /* Project object */;
			proxyType = 1;
			remoteGlobalIDString = 56F17E262D70A6E1001A8CAB;
			remoteInfo = iconink;
		};
		56F17E472D70A6E2001A8CAB /* PBXContainerItemProxy */ = {
			isa = PBXContainerItemProxy;
			containerPortal = 56F17E1F2D70A6E1001A8CAB /* Project object */;
			proxyType = 1;
			remoteGlobalIDString = 56F17E262D70A6E1001A8CAB;
			remoteInfo = iconink;
		};
/* End PBXContainerItemProxy section */

/* Begin PBXFileReference section */
		56F17E272D70A6E1001A8CAB /* iconink.app */ = {isa = PBXFileReference; explicitFileType = wrapper.application; includeInIndex = 0; path = iconink.app; sourceTree = BUILT_PRODUCTS_DIR; };
		56F17E3C2D70A6E2001A8CAB /* iconinkTests.xctest */ = {isa = PBXFileReference; explicitFileType = wrapper.cfbundle; includeInIndex = 0; path = iconinkTests.xctest; sourceTree = BUILT_PRODUCTS_DIR; };
		56F17E462D70A6E2001A8CAB /* iconinkUITests.xctest */ = {isa = PBXFileReference; explicitFileType = wrapper.cfbundle; includeInIndex = 0; path = iconinkUITests.xctest; sourceTree = BUILT_PRODUCTS_DIR; };
/* End PBXFileReference section */

/* Begin PBXFileSystemSynchronizedRootGroup section */
		56F17E292D70A6E1001A8CAB /* iconink */ = {
			isa = PBXFileSystemSynchronizedRootGroup;
			path = iconink;
			sourceTree = "<group>";
		};
		56F17E3F2D70A6E2001A8CAB /* iconinkTests */ = {
			isa = PBXFileSystemSynchronizedRootGroup;
			path = iconinkTests;
			sourceTree = "<group>";
		};
		56F17E492D70A6E2001A8CAB /* iconinkUITests */ = {
			isa = PBXFileSystemSynchronizedRootGroup;
			path = iconinkUITests;
			sourceTree = "<group>";
		};
/* End PBXFileSystemSynchronizedRootGroup section */

/* Begin PBXFrameworksBuildPhase section */
		56F17E242D70A6E1001A8CAB /* Frameworks */ = {
			isa = PBXFrameworksBuildPhase;
			buildActionMask = 2147483647;
			files = (
			);
			runOnlyForDeploymentPostprocessing = 0;
		};
		56F17E392D70A6E2001A8CAB /* Frameworks */ = {
			isa = PBXFrameworksBuildPhase;
			buildActionMask = 2147483647;
			files = (
			);
			runOnlyForDeploymentPostprocessing = 0;
		};
		56F17E432D70A6E2001A8CAB /* Frameworks */ = {
			isa = PBXFrameworksBuildPhase;
			buildActionMask = 2147483647;
			files = (
			);
			runOnlyForDeploymentPostprocessing = 0;
		};
/* End PBXFrameworksBuildPhase section */

/* Begin PBXGroup section */
		56F17E1E2D70A6E1001A8CAB = {
			isa = PBXGroup;
			children = (
				56F17E292D70A6E1001A8CAB /* iconink */,
				56F17E3F2D70A6E2001A8CAB /* iconinkTests */,
				56F17E492D70A6E2001A8CAB /* iconinkUITests */,
				56F17E282D70A6E1001A8CAB /* Products */,
			);
			sourceTree = "<group>";
		};
		56F17E282D70A6E1001A8CAB /* Products */ = {
			isa = PBXGroup;
			children = (
				56F17E272D70A6E1001A8CAB /* iconink.app */,
				56F17E3C2D70A6E2001A8CAB /* iconinkTests.xctest */,
				56F17E462D70A6E2001A8CAB /* iconinkUITests.xctest */,
			);
			name = Products;
			sourceTree = "<group>";
		};
/* End PBXGroup section */

/* Begin PBXNativeTarget section */
		56F17E262D70A6E1001A8CAB /* iconink */ = {
			isa = PBXNativeTarget;
			buildConfigurationList = 56F17E502D70A6E2001A8CAB /* Build configuration list for PBXNativeTarget "iconink" */;
			buildPhases = (
				56F17E232D70A6E1001A8CAB /* Sources */,
				56F17E242D70A6E1001A8CAB /* Frameworks */,
				56F17E252D70A6E1001A8CAB /* Resources */,
			);
			buildRules = (
			);
			dependencies = (
			);
			fileSystemSynchronizedGroups = (
				56F17E292D70A6E1001A8CAB /* iconink */,
			);
			name = iconink;
			packageProductDependencies = (
			);
			productName = iconink;
			productReference = 56F17E272D70A6E1001A8CAB /* iconink.app */;
			productType = "com.apple.product-type.application";
		};
		56F17E3B2D70A6E2001A8CAB /* iconinkTests */ = {
			isa = PBXNativeTarget;
			buildConfigurationList = 56F17E532D70A6E2001A8CAB /* Build configuration list for PBXNativeTarget "iconinkTests" */;
			buildPhases = (
				56F17E382D70A6E2001A8CAB /* Sources */,
				56F17E392D70A6E2001A8CAB /* Frameworks */,
				56F17E3A2D70A6E2001A8CAB /* Resources */,
			);
			buildRules = (
			);
			dependencies = (
				56F17E3E2D70A6E2001A8CAB /* PBXTargetDependency */,
			);
			fileSystemSynchronizedGroups = (
				56F17E3F2D70A6E2001A8CAB /* iconinkTests */,
			);
			name = iconinkTests;
			packageProductDependencies = (
			);
			productName = iconinkTests;
			productReference = 56F17E3C2D70A6E2001A8CAB /* iconinkTests.xctest */;
			productType = "com.apple.product-type.bundle.unit-test";
		};
		56F17E452D70A6E2001A8CAB /* iconinkUITests */ = {
			isa = PBXNativeTarget;
			buildConfigurationList = 56F17E562D70A6E2001A8CAB /* Build configuration list for PBXNativeTarget "iconinkUITests" */;
			buildPhases = (
				56F17E422D70A6E2001A8CAB /* Sources */,
				56F17E432D70A6E2001A8CAB /* Frameworks */,
				56F17E442D70A6E2001A8CAB /* Resources */,
			);
			buildRules = (
			);
			dependencies = (
				56F17E482D70A6E2001A8CAB /* PBXTargetDependency */,
			);
			fileSystemSynchronizedGroups = (
				56F17E492D70A6E2001A8CAB /* iconinkUITests */,
			);
			name = iconinkUITests;
			packageProductDependencies = (
			);
			productName = iconinkUITests;
			productReference = 56F17E462D70A6E2001A8CAB /* iconinkUITests.xctest */;
			productType = "com.apple.product-type.bundle.ui-testing";
		};
/* End PBXNativeTarget section */

/* Begin PBXProject section */
		56F17E1F2D70A6E1001A8CAB /* Project object */ = {
			isa = PBXProject;
			attributes = {
				BuildIndependentTargetsInParallel = 1;
				LastSwiftUpdateCheck = 1620;
				LastUpgradeCheck = 1620;
				TargetAttributes = {
					56F17E262D70A6E1001A8CAB = {
						CreatedOnToolsVersion = 16.2;
					};
					56F17E3B2D70A6E2001A8CAB = {
						CreatedOnToolsVersion = 16.2;
						TestTargetID = 56F17E262D70A6E1001A8CAB;
					};
					56F17E452D70A6E2001A8CAB = {
						CreatedOnToolsVersion = 16.2;
						TestTargetID = 56F17E262D70A6E1001A8CAB;
					};
				};
			};
			buildConfigurationList = 56F17E222D70A6E1001A8CAB /* Build configuration list for PBXProject "iconink" */;
			developmentRegion = en;
			hasScannedForEncodings = 0;
			knownRegions = (
				en,
				Base,
			);
			mainGroup = 56F17E1E2D70A6E1001A8CAB;
			minimizedProjectReferenceProxies = 1;
			preferredProjectObjectVersion = 77;
			productRefGroup = 56F17E282D70A6E1001A8CAB /* Products */;
			projectDirPath = "";
			projectRoot = "";
			targets = (
				56F17E262D70A6E1001A8CAB /* iconink */,
				56F17E3B2D70A6E2001A8CAB /* iconinkTests */,
				56F17E452D70A6E2001A8CAB /* iconinkUITests */,
			);
		};
/* End PBXProject section */

/* Begin PBXResourcesBuildPhase section */
		56F17E252D70A6E1001A8CAB /* Resources */ = {
			isa = PBXResourcesBuildPhase;
			buildActionMask = 2147483647;
			files = (
			);
			runOnlyForDeploymentPostprocessing = 0;
		};
		56F17E3A2D70A6E2001A8CAB /* Resources */ = {
			isa = PBXResourcesBuildPhase;
			buildActionMask = 2147483647;
			files = (
			);
			runOnlyForDeploymentPostprocessing = 0;
		};
		56F17E442D70A6E2001A8CAB /* Resources */ = {
			isa = PBXResourcesBuildPhase;
			buildActionMask = 2147483647;
			files = (
			);
			runOnlyForDeploymentPostprocessing = 0;
		};
/* End PBXResourcesBuildPhase section */

/* Begin PBXSourcesBuildPhase section */
		56F17E232D70A6E1001A8CAB /* Sources */ = {
			isa = PBXSourcesBuildPhase;
			buildActionMask = 2147483647;
			files = (
			);
			runOnlyForDeploymentPostprocessing = 0;
		};
		56F17E382D70A6E2001A8CAB /* Sources */ = {
			isa = PBXSourcesBuildPhase;
			buildActionMask = 2147483647;
			files = (
			);
			runOnlyForDeploymentPostprocessing = 0;
		};
		56F17E422D70A6E2001A8CAB /* Sources */ = {
			isa = PBXSourcesBuildPhase;
			buildActionMask = 2147483647;
			files = (
			);
			runOnlyForDeploymentPostprocessing = 0;
		};
/* End PBXSourcesBuildPhase section */

/* Begin PBXTargetDependency section */
		56F17E3E2D70A6E2001A8CAB /* PBXTargetDependency */ = {
			isa = PBXTargetDependency;
			target = 56F17E262D70A6E1001A8CAB /* iconink */;
			targetProxy = 56F17E3D2D70A6E2001A8CAB /* PBXContainerItemProxy */;
		};
		56F17E482D70A6E2001A8CAB /* PBXTargetDependency */ = {
			isa = PBXTargetDependency;
			target = 56F17E262D70A6E1001A8CAB /* iconink */;
			targetProxy = 56F17E472D70A6E2001A8CAB /* PBXContainerItemProxy */;
		};
/* End PBXTargetDependency section */

/* Begin XCBuildConfiguration section */
		56F17E4E2D70A6E2001A8CAB /* Debug */ = {
			isa = XCBuildConfiguration;
			buildSettings = {
				ALWAYS_SEARCH_USER_PATHS = NO;
				ASSETCATALOG_COMPILER_GENERATE_SWIFT_ASSET_SYMBOL_EXTENSIONS = YES;
				CLANG_ANALYZER_NONNULL = YES;
				CLANG_ANALYZER_NUMBER_OBJECT_CONVERSION = YES_AGGRESSIVE;
				CLANG_CXX_LANGUAGE_STANDARD = "gnu++20";
				CLANG_ENABLE_MODULES = YES;
				CLANG_ENABLE_OBJC_ARC = YES;
				CLANG_ENABLE_OBJC_WEAK = YES;
				CLANG_WARN_BLOCK_CAPTURE_AUTORELEASING = YES;
				CLANG_WARN_BOOL_CONVERSION = YES;
				CLANG_WARN_COMMA = YES;
				CLANG_WARN_CONSTANT_CONVERSION = YES;
				CLANG_WARN_DEPRECATED_OBJC_IMPLEMENTATIONS = YES;
				CLANG_WARN_DIRECT_OBJC_ISA_USAGE = YES_ERROR;
				CLANG_WARN_DOCUMENTATION_COMMENTS = YES;
				CLANG_WARN_EMPTY_BODY = YES;
				CLANG_WARN_ENUM_CONVERSION = YES;
				CLANG_WARN_INFINITE_RECURSION = YES;
				CLANG_WARN_INT_CONVERSION = YES;
				CLANG_WARN_NON_LITERAL_NULL_CONVERSION = YES;
				CLANG_WARN_OBJC_IMPLICIT_RETAIN_SELF = YES;
				CLANG_WARN_OBJC_LITERAL_CONVERSION = YES;
				CLANG_WARN_OBJC_ROOT_CLASS = YES_ERROR;
				CLANG_WARN_QUOTED_INCLUDE_IN_FRAMEWORK_HEADER = YES;
				CLANG_WARN_RANGE_LOOP_ANALYSIS = YES;
				CLANG_WARN_STRICT_PROTOTYPES = YES;
				CLANG_WARN_SUSPICIOUS_MOVE = YES;
				CLANG_WARN_UNGUARDED_AVAILABILITY = YES_AGGRESSIVE;
				CLANG_WARN_UNREACHABLE_CODE = YES;
				CLANG_WARN__DUPLICATE_METHOD_MATCH = YES;
				COPY_PHASE_STRIP = NO;
				DEBUG_INFORMATION_FORMAT = dwarf;
				ENABLE_STRICT_OBJC_MSGSEND = YES;
				ENABLE_TESTABILITY = YES;
				ENABLE_USER_SCRIPT_SANDBOXING = YES;
				GCC_C_LANGUAGE_STANDARD = gnu17;
				GCC_DYNAMIC_NO_PIC = NO;
				GCC_NO_COMMON_BLOCKS = YES;
				GCC_OPTIMIZATION_LEVEL = 0;
				GCC_PREPROCESSOR_DEFINITIONS = (
					"DEBUG=1",
					"$(inherited)",
				);
				GCC_WARN_64_TO_32_BIT_CONVERSION = YES;
				GCC_WARN_ABOUT_RETURN_TYPE = YES_ERROR;
				GCC_WARN_UNDECLARED_SELECTOR = YES;
				GCC_WARN_UNINITIALIZED_AUTOS = YES_AGGRESSIVE;
				GCC_WARN_UNUSED_FUNCTION = YES;
				GCC_WARN_UNUSED_VARIABLE = YES;
				IPHONEOS_DEPLOYMENT_TARGET = 18.2;
				LOCALIZATION_PREFERS_STRING_CATALOGS = YES;
				MTL_ENABLE_DEBUG_INFO = INCLUDE_SOURCE;
				MTL_FAST_MATH = YES;
				ONLY_ACTIVE_ARCH = YES;
				SDKROOT = iphoneos;
				SWIFT_ACTIVE_COMPILATION_CONDITIONS = "DEBUG $(inherited)";
				SWIFT_OPTIMIZATION_LEVEL = "-Onone";
			};
			name = Debug;
		};
		56F17E4F2D70A6E2001A8CAB /* Release */ = {
			isa = XCBuildConfiguration;
			buildSettings = {
				ALWAYS_SEARCH_USER_PATHS = NO;
				ASSETCATALOG_COMPILER_GENERATE_SWIFT_ASSET_SYMBOL_EXTENSIONS = YES;
				CLANG_ANALYZER_NONNULL = YES;
				CLANG_ANALYZER_NUMBER_OBJECT_CONVERSION = YES_AGGRESSIVE;
				CLANG_CXX_LANGUAGE_STANDARD = "gnu++20";
				CLANG_ENABLE_MODULES = YES;
				CLANG_ENABLE_OBJC_ARC = YES;
				CLANG_ENABLE_OBJC_WEAK = YES;
				CLANG_WARN_BLOCK_CAPTURE_AUTORELEASING = YES;
				CLANG_WARN_BOOL_CONVERSION = YES;
				CLANG_WARN_COMMA = YES;
				CLANG_WARN_CONSTANT_CONVERSION = YES;
				CLANG_WARN_DEPRECATED_OBJC_IMPLEMENTATIONS = YES;
				CLANG_WARN_DIRECT_OBJC_ISA_USAGE = YES_ERROR;
				CLANG_WARN_DOCUMENTATION_COMMENTS = YES;
				CLANG_WARN_EMPTY_BODY = YES;
				CLANG_WARN_ENUM_CONVERSION = YES;
				CLANG_WARN_INFINITE_RECURSION = YES;
				CLANG_WARN_INT_CONVERSION = YES;
				CLANG_WARN_NON_LITERAL_NULL_CONVERSION = YES;
				CLANG_WARN_OBJC_IMPLICIT_RETAIN_SELF = YES;
				CLANG_WARN_OBJC_LITERAL_CONVERSION = YES;
				CLANG_WARN_OBJC_ROOT_CLASS = YES_ERROR;
				CLANG_WARN_QUOTED_INCLUDE_IN_FRAMEWORK_HEADER = YES;
				CLANG_WARN_RANGE_LOOP_ANALYSIS = YES;
				CLANG_WARN_STRICT_PROTOTYPES = YES;
				CLANG_WARN_SUSPICIOUS_MOVE = YES;
				CLANG_WARN_UNGUARDED_AVAILABILITY = YES_AGGRESSIVE;
				CLANG_WARN_UNREACHABLE_CODE = YES;
				CLANG_WARN__DUPLICATE_METHOD_MATCH = YES;
				COPY_PHASE_STRIP = NO;
				DEBUG_INFORMATION_FORMAT = "dwarf-with-dsym";
				ENABLE_NS_ASSERTIONS = NO;
				ENABLE_STRICT_OBJC_MSGSEND = YES;
				ENABLE_USER_SCRIPT_SANDBOXING = YES;
				GCC_C_LANGUAGE_STANDARD = gnu17;
				GCC_NO_COMMON_BLOCKS = YES;
				GCC_WARN_64_TO_32_BIT_CONVERSION = YES;
				GCC_WARN_ABOUT_RETURN_TYPE = YES_ERROR;
				GCC_WARN_UNDECLARED_SELECTOR = YES;
				GCC_WARN_UNINITIALIZED_AUTOS = YES_AGGRESSIVE;
				GCC_WARN_UNUSED_FUNCTION = YES;
				GCC_WARN_UNUSED_VARIABLE = YES;
				IPHONEOS_DEPLOYMENT_TARGET = 18.2;
				LOCALIZATION_PREFERS_STRING_CATALOGS = YES;
				MTL_ENABLE_DEBUG_INFO = NO;
				MTL_FAST_MATH = YES;
				SDKROOT = iphoneos;
				SWIFT_COMPILATION_MODE = wholemodule;
				VALIDATE_PRODUCT = YES;
			};
			name = Release;
		};
		56F17E512D70A6E2001A8CAB /* Debug */ = {
			isa = XCBuildConfiguration;
			buildSettings = {
				ASSETCATALOG_COMPILER_APPICON_NAME = AppIcon;
				ASSETCATALOG_COMPILER_GLOBAL_ACCENT_COLOR_NAME = AccentColor;
				CODE_SIGN_STYLE = Automatic;
				CURRENT_PROJECT_VERSION = 1;
				DEVELOPMENT_ASSET_PATHS = "\"iconink/Preview Content\"";
				DEVELOPMENT_TEAM = ATLT39N83W;
				ENABLE_PREVIEWS = YES;
				GENERATE_INFOPLIST_FILE = YES;
				INFOPLIST_KEY_UIApplicationSceneManifest_Generation = YES;
				INFOPLIST_KEY_UIApplicationSupportsIndirectInputEvents = YES;
				INFOPLIST_KEY_UILaunchScreen_Generation = YES;
				INFOPLIST_KEY_UISupportedInterfaceOrientations_iPad = "UIInterfaceOrientationPortrait UIInterfaceOrientationPortraitUpsideDown UIInterfaceOrientationLandscapeLeft UIInterfaceOrientationLandscapeRight";
				INFOPLIST_KEY_UISupportedInterfaceOrientations_iPhone = "UIInterfaceOrientationPortrait UIInterfaceOrientationLandscapeLeft UIInterfaceOrientationLandscapeRight";
				LD_RUNPATH_SEARCH_PATHS = (
					"$(inherited)",
					"@executable_path/Frameworks",
				);
				MARKETING_VERSION = 1.0;
				PRODUCT_BUNDLE_IDENTIFIER = com.flexrpl.iconink;
				PRODUCT_NAME = "$(TARGET_NAME)";
				SWIFT_EMIT_LOC_STRINGS = YES;
				SWIFT_VERSION = 5.0;
				TARGETED_DEVICE_FAMILY = "1,2";
			};
			name = Debug;
		};
		56F17E522D70A6E2001A8CAB /* Release */ = {
			isa = XCBuildConfiguration;
			buildSettings = {
				ASSETCATALOG_COMPILER_APPICON_NAME = AppIcon;
				ASSETCATALOG_COMPILER_GLOBAL_ACCENT_COLOR_NAME = AccentColor;
				CODE_SIGN_STYLE = Automatic;
				CURRENT_PROJECT_VERSION = 1;
				DEVELOPMENT_ASSET_PATHS = "\"iconink/Preview Content\"";
				DEVELOPMENT_TEAM = ATLT39N83W;
				ENABLE_PREVIEWS = YES;
				GENERATE_INFOPLIST_FILE = YES;
				INFOPLIST_KEY_UIApplicationSceneManifest_Generation = YES;
				INFOPLIST_KEY_UIApplicationSupportsIndirectInputEvents = YES;
				INFOPLIST_KEY_UILaunchScreen_Generation = YES;
				INFOPLIST_KEY_UISupportedInterfaceOrientations_iPad = "UIInterfaceOrientationPortrait UIInterfaceOrientationPortraitUpsideDown UIInterfaceOrientationLandscapeLeft UIInterfaceOrientationLandscapeRight";
				INFOPLIST_KEY_UISupportedInterfaceOrientations_iPhone = "UIInterfaceOrientationPortrait UIInterfaceOrientationLandscapeLeft UIInterfaceOrientationLandscapeRight";
				LD_RUNPATH_SEARCH_PATHS = (
					"$(inherited)",
					"@executable_path/Frameworks",
				);
				MARKETING_VERSION = 1.0;
				PRODUCT_BUNDLE_IDENTIFIER = com.flexrpl.iconink;
				PRODUCT_NAME = "$(TARGET_NAME)";
				SWIFT_EMIT_LOC_STRINGS = YES;
				SWIFT_VERSION = 5.0;
				TARGETED_DEVICE_FAMILY = "1,2";
			};
			name = Release;
		};
		56F17E542D70A6E2001A8CAB /* Debug */ = {
			isa = XCBuildConfiguration;
			buildSettings = {
				BUNDLE_LOADER = "$(TEST_HOST)";
				CODE_SIGN_STYLE = Automatic;
				CURRENT_PROJECT_VERSION = 1;
				DEVELOPMENT_TEAM = ATLT39N83W;
				GENERATE_INFOPLIST_FILE = YES;
				IPHONEOS_DEPLOYMENT_TARGET = 18.2;
				MARKETING_VERSION = 1.0;
				PRODUCT_BUNDLE_IDENTIFIER = com.flexrpl.iconinkTests;
				PRODUCT_NAME = "$(TARGET_NAME)";
				SWIFT_EMIT_LOC_STRINGS = NO;
				SWIFT_VERSION = 5.0;
				TARGETED_DEVICE_FAMILY = "1,2";
				TEST_HOST = "$(BUILT_PRODUCTS_DIR)/iconink.app/$(BUNDLE_EXECUTABLE_FOLDER_PATH)/iconink";
			};
			name = Debug;
		};
		56F17E552D70A6E2001A8CAB /* Release */ = {
			isa = XCBuildConfiguration;
			buildSettings = {
				BUNDLE_LOADER = "$(TEST_HOST)";
				CODE_SIGN_STYLE = Automatic;
				CURRENT_PROJECT_VERSION = 1;
				DEVELOPMENT_TEAM = ATLT39N83W;
				GENERATE_INFOPLIST_FILE = YES;
				IPHONEOS_DEPLOYMENT_TARGET = 18.2;
				MARKETING_VERSION = 1.0;
				PRODUCT_BUNDLE_IDENTIFIER = com.flexrpl.iconinkTests;
				PRODUCT_NAME = "$(TARGET_NAME)";
				SWIFT_EMIT_LOC_STRINGS = NO;
				SWIFT_VERSION = 5.0;
				TARGETED_DEVICE_FAMILY = "1,2";
				TEST_HOST = "$(BUILT_PRODUCTS_DIR)/iconink.app/$(BUNDLE_EXECUTABLE_FOLDER_PATH)/iconink";
			};
			name = Release;
		};
		56F17E572D70A6E2001A8CAB /* Debug */ = {
			isa = XCBuildConfiguration;
			buildSettings = {
				CODE_SIGN_STYLE = Automatic;
				CURRENT_PROJECT_VERSION = 1;
				DEVELOPMENT_TEAM = ATLT39N83W;
				GENERATE_INFOPLIST_FILE = YES;
				MARKETING_VERSION = 1.0;
				PRODUCT_BUNDLE_IDENTIFIER = com.flexrpl.iconinkUITests;
				PRODUCT_NAME = "$(TARGET_NAME)";
				SWIFT_EMIT_LOC_STRINGS = NO;
				SWIFT_VERSION = 5.0;
				TARGETED_DEVICE_FAMILY = "1,2";
				TEST_TARGET_NAME = iconink;
			};
			name = Debug;
		};
		56F17E582D70A6E2001A8CAB /* Release */ = {
			isa = XCBuildConfiguration;
			buildSettings = {
				CODE_SIGN_STYLE = Automatic;
				CURRENT_PROJECT_VERSION = 1;
				DEVELOPMENT_TEAM = ATLT39N83W;
				GENERATE_INFOPLIST_FILE = YES;
				MARKETING_VERSION = 1.0;
				PRODUCT_BUNDLE_IDENTIFIER = com.flexrpl.iconinkUITests;
				PRODUCT_NAME = "$(TARGET_NAME)";
				SWIFT_EMIT_LOC_STRINGS = NO;
				SWIFT_VERSION = 5.0;
				TARGETED_DEVICE_FAMILY = "1,2";
				TEST_TARGET_NAME = iconink;
			};
			name = Release;
		};
/* End XCBuildConfiguration section */

/* Begin XCConfigurationList section */
		56F17E222D70A6E1001A8CAB /* Build configuration list for PBXProject "iconink" */ = {
			isa = XCConfigurationList;
			buildConfigurations = (
				56F17E4E2D70A6E2001A8CAB /* Debug */,
				56F17E4F2D70A6E2001A8CAB /* Release */,
			);
			defaultConfigurationIsVisible = 0;
			defaultConfigurationName = Release;
		};
		56F17E502D70A6E2001A8CAB /* Build configuration list for PBXNativeTarget "iconink" */ = {
			isa = XCConfigurationList;
			buildConfigurations = (
				56F17E512D70A6E2001A8CAB /* Debug */,
				56F17E522D70A6E2001A8CAB /* Release */,
			);
			defaultConfigurationIsVisible = 0;
			defaultConfigurationName = Release;
		};
		56F17E532D70A6E2001A8CAB /* Build configuration list for PBXNativeTarget "iconinkTests" */ = {
			isa = XCConfigurationList;
			buildConfigurations = (
				56F17E542D70A6E2001A8CAB /* Debug */,
				56F17E552D70A6E2001A8CAB /* Release */,
			);
			defaultConfigurationIsVisible = 0;
			defaultConfigurationName = Release;
		};
		56F17E562D70A6E2001A8CAB /* Build configuration list for PBXNativeTarget "iconinkUITests" */ = {
			isa = XCConfigurationList;
			buildConfigurations = (
				56F17E572D70A6E2001A8CAB /* Debug */,
				56F17E582D70A6E2001A8CAB /* Release */,
			);
			defaultConfigurationIsVisible = 0;
			defaultConfigurationName = Release;
		};
/* End XCConfigurationList section */
	};
	rootObject = 56F17E1F2D70A6E1001A8CAB /* Project object */;
}
